
Microsoft Visual Studio Solution File, Format Version 12.00
# Visual Studio 2012
Project("{FAE04EC0-301F-11D3-BF4B-00C04F79EFBC}") = "DemoRepository.Testing", "DemoRepository.Testing\DemoRepository.Testing.csproj", "{E9E945AC-6708-468F-A53B-205618B5BCD1}"
EndProject
Project("{FAE04EC0-301F-11D3-BF4B-00C04F79EFBC}") = "DemoRepository.Repository", "DemoRepository.Repository\DemoRepository.Repository.csproj", "{B2E33EB8-96C5-4C7E-9997-8FE057AB6CB3}"
EndProject
Project("{FAE04EC0-301F-11D3-BF4B-00C04F79EFBC}") = "DemoRepository.Data", "DemoRepository.Data\DemoRepository.Data.csproj", "{919114C7-2B29-4EAE-9FE9-0770E100938A}"
EndProject
Project("{2150E333-8FDC-42A3-9474-1A3956D46DE8}") = "Data", "Data", "{4EE55872-780B-4135-955E-7346036DC34E}"
EndProject
Project("{FAE04EC0-301F-11D3-BF4B-00C04F79EFBC}") = "DemoRepository.Entity", "DemoRepository.Entity\DemoRepository.Entity.csproj", "{2AC40FB4-BD8F-49A1-B128-E5C5C69CBFD1}"
EndProject
Project("{2150E333-8FDC-42A3-9474-1A3956D46DE8}") = "Domain", "Domain", "{67976304-CC96-439E-8A34-4F44ACFAA41C}"
EndProject
Project("{E24C65DC-7377-472B-9ABA-BC803B73C61A}") = "DemoRepository.UI", "http://localhost:2326", "{CC2F37B5-10A7-4C44-9958-71A0292C1E1E}"
	ProjectSection(WebsiteProperties) = preProject
		UseIISExpress = "true"
		TargetFrameworkMoniker = ".NETFramework,Version%3Dv4.5"
		ProjectReferences = "{2ac40fb4-bd8f-49a1-b128-e5c5c69cbfd1}|DemoRepository.Entity.dll;{b2e33eb8-96c5-4c7e-9997-8fe057ab6cb3}|DemoRepository.Repository.dll;{919114C7-2B29-4EAE-9FE9-0770E100938A}|DemoRepository.Data.dll;{3380ffd6-b18d-4143-a0c6-a169098c3818}|DemoRepository.Infrastructure.dll;{fe0a4474-7d69-4415-9edf-36844d020470}|DemoRepository.Core.dll;"
		Debug.AspNetCompiler.VirtualPath = "/localhost_2326"
		Debug.AspNetCompiler.PhysicalPath = "DemoRepository.UI\"
		Debug.AspNetCompiler.TargetPath = "PrecompiledWeb\localhost_2326\"
		Debug.AspNetCompiler.Updateable = "true"
		Debug.AspNetCompiler.ForceOverwrite = "true"
		Debug.AspNetCompiler.FixedNames = "false"
		Debug.AspNetCompiler.Debug = "True"
		Release.AspNetCompiler.VirtualPath = "/localhost_2326"
		Release.AspNetCompiler.PhysicalPath = "DemoRepository.UI\"
		Release.AspNetCompiler.TargetPath = "PrecompiledWeb\localhost_2326\"
		Release.AspNetCompiler.Updateable = "true"
		Release.AspNetCompiler.ForceOverwrite = "true"
		Release.AspNetCompiler.FixedNames = "false"
		Release.AspNetCompiler.Debug = "False"
		SlnRelativePath = "DemoRepository.UI\"
		DefaultWebSiteLanguage = "Visual C#"
	EndProjectSection
EndProject
Project("{2150E333-8FDC-42A3-9474-1A3956D46DE8}") = "Infrastructure", "Infrastructure", "{E84DE398-D951-4867-ADF3-F0A697F639E6}"
EndProject
Project("{FAE04EC0-301F-11D3-BF4B-00C04F79EFBC}") = "DemoRepository.Infrastructure", "DemoRepository.Infrastructure\DemoRepository.Infrastructure.csproj", "{3380FFD6-B18D-4143-A0C6-A169098C3818}"
EndProject
Project("{2150E333-8FDC-42A3-9474-1A3956D46DE8}") = "UI", "UI", "{DED2C283-E2DB-4A44-8E97-B912A5C27007}"
EndProject
Project("{FAE04EC0-301F-11D3-BF4B-00C04F79EFBC}") = "DemoRepository.Core", "DemoRepository.Core\DemoRepository.Core.csproj", "{FE0A4474-7D69-4415-9EDF-36844D020470}"
EndProject
Global
	GlobalSection(SolutionConfigurationPlatforms) = preSolution
		Debug|Any CPU = Debug|Any CPU
		Release|Any CPU = Release|Any CPU
	EndGlobalSection
	GlobalSection(ProjectConfigurationPlatforms) = postSolution
		{E9E945AC-6708-468F-A53B-205618B5BCD1}.Debug|Any CPU.ActiveCfg = Debug|Any CPU
		{E9E945AC-6708-468F-A53B-205618B5BCD1}.Debug|Any CPU.Build.0 = Debug|Any CPU
		{E9E945AC-6708-468F-A53B-205618B5BCD1}.Release|Any CPU.ActiveCfg = Release|Any CPU
		{E9E945AC-6708-468F-A53B-205618B5BCD1}.Release|Any CPU.Build.0 = Release|Any CPU
		{B2E33EB8-96C5-4C7E-9997-8FE057AB6CB3}.Debug|Any CPU.ActiveCfg = Debug|Any CPU
		{B2E33EB8-96C5-4C7E-9997-8FE057AB6CB3}.Debug|Any CPU.Build.0 = Debug|Any CPU
		{B2E33EB8-96C5-4C7E-9997-8FE057AB6CB3}.Release|Any CPU.ActiveCfg = Release|Any CPU
		{B2E33EB8-96C5-4C7E-9997-8FE057AB6CB3}.Release|Any CPU.Build.0 = Release|Any CPU
		{919114C7-2B29-4EAE-9FE9-0770E100938A}.Debug|Any CPU.ActiveCfg = Debug|Any CPU
		{919114C7-2B29-4EAE-9FE9-0770E100938A}.Debug|Any CPU.Build.0 = Debug|Any CPU
		{919114C7-2B29-4EAE-9FE9-0770E100938A}.Release|Any CPU.ActiveCfg = Release|Any CPU
		{919114C7-2B29-4EAE-9FE9-0770E100938A}.Release|Any CPU.Build.0 = Release|Any CPU
		{2AC40FB4-BD8F-49A1-B128-E5C5C69CBFD1}.Debug|Any CPU.ActiveCfg = Debug|Any CPU
		{2AC40FB4-BD8F-49A1-B128-E5C5C69CBFD1}.Debug|Any CPU.Build.0 = Debug|Any CPU
		{2AC40FB4-BD8F-49A1-B128-E5C5C69CBFD1}.Release|Any CPU.ActiveCfg = Release|Any CPU
		{2AC40FB4-BD8F-49A1-B128-E5C5C69CBFD1}.Release|Any CPU.Build.0 = Release|Any CPU
		{CC2F37B5-10A7-4C44-9958-71A0292C1E1E}.Debug|Any CPU.ActiveCfg = Debug|Any CPU
		{CC2F37B5-10A7-4C44-9958-71A0292C1E1E}.Debug|Any CPU.Build.0 = Debug|Any CPU
		{CC2F37B5-10A7-4C44-9958-71A0292C1E1E}.Release|Any CPU.ActiveCfg = Debug|Any CPU
		{CC2F37B5-10A7-4C44-9958-71A0292C1E1E}.Release|Any CPU.Build.0 = Debug|Any CPU
		{3380FFD6-B18D-4143-A0C6-A169098C3818}.Debug|Any CPU.ActiveCfg = Debug|Any CPU
		{3380FFD6-B18D-4143-A0C6-A169098C3818}.Debug|Any CPU.Build.0 = Debug|Any CPU
		{3380FFD6-B18D-4143-A0C6-A169098C3818}.Release|Any CPU.ActiveCfg = Release|Any CPU
		{3380FFD6-B18D-4143-A0C6-A169098C3818}.Release|Any CPU.Build.0 = Release|Any CPU
		{FE0A4474-7D69-4415-9EDF-36844D020470}.Debug|Any CPU.ActiveCfg = Debug|Any CPU
		{FE0A4474-7D69-4415-9EDF-36844D020470}.Debug|Any CPU.Build.0 = Debug|Any CPU
		{FE0A4474-7D69-4415-9EDF-36844D020470}.Release|Any CPU.ActiveCfg = Release|Any CPU
		{FE0A4474-7D69-4415-9EDF-36844D020470}.Release|Any CPU.Build.0 = Release|Any CPU
	EndGlobalSection
	GlobalSection(SolutionProperties) = preSolution
		HideSolutionNode = FALSE
	EndGlobalSection
	GlobalSection(NestedProjects) = preSolution
		{919114C7-2B29-4EAE-9FE9-0770E100938A} = {4EE55872-780B-4135-955E-7346036DC34E}
		{B2E33EB8-96C5-4C7E-9997-8FE057AB6CB3} = {4EE55872-780B-4135-955E-7346036DC34E}
		{2AC40FB4-BD8F-49A1-B128-E5C5C69CBFD1} = {67976304-CC96-439E-8A34-4F44ACFAA41C}
		{3380FFD6-B18D-4143-A0C6-A169098C3818} = {E84DE398-D951-4867-ADF3-F0A697F639E6}
		{CC2F37B5-10A7-4C44-9958-71A0292C1E1E} = {DED2C283-E2DB-4A44-8E97-B912A5C27007}
		{FE0A4474-7D69-4415-9EDF-36844D020470} = {DED2C283-E2DB-4A44-8E97-B912A5C27007}
	EndGlobalSection
EndGlobal
